
Microsoft Visual Studio Solution File, Format Version 12.00
# Visual Studio Version 16
VisualStudioVersion = 16.0.30709.64
MinimumVisualStudioVersion = 10.0.40219.1
Project("{FAE04EC0-301F-11D3-BF4B-00C04F79EFBC}") = "Test Interface 1", "Test Interface 1.csproj", "{13BFF705-176D-4EE4-BFC4-C4B0170B30AB}"
EndProject
Global
	GlobalSection(SolutionConfigurationPlatforms) = preSolution
		Debug|Any CPU = Debug|Any CPU
		Release|Any CPU = Release|Any CPU
	EndGlobalSection
	GlobalSection(ProjectConfigurationPlatforms) = postSolution
		{13BFF705-176D-4EE4-BFC4-C4B0170B30AB}.Debug|Any CPU.ActiveCfg = Debug|Any CPU
		{13BFF705-176D-4EE4-BFC4-C4B0170B30AB}.Debug|Any CPU.Build.0 = Debug|Any CPU
		{13BFF705-176D-4EE4-BFC4-C4B0170B30AB}.Release|Any CPU.ActiveCfg = Release|Any CPU
		{13BFF705-176D-4EE4-BFC4-C4B0170B30AB}.Release|Any CPU.Build.0 = Release|Any CPU
	EndGlobalSection
	GlobalSection(SolutionProperties) = preSolution
		HideSolutionNode = FALSE
	EndGlobalSection
	GlobalSection(ExtensibilityGlobals) = postSolution
		SolutionGuid = {DBC63AA2-83FE-45EE-9AA0-EC6926F82777}
	EndGlobalSection
EndGlobal
