
Microsoft Visual Studio Solution File, Format Version 12.00
# Visual Studio Version 16
VisualStudioVersion = 16.0.30608.117
MinimumVisualStudioVersion = 10.0.40219.1
Project("{FAE04EC0-301F-11D3-BF4B-00C04F79EFBC}") = "LabTask_2", "LabTask_2.csproj", "{915F4853-55F6-42A9-95F3-4263FD9EBB2C}"
EndProject
Global
	GlobalSection(SolutionConfigurationPlatforms) = preSolution
		Debug|Any CPU = Debug|Any CPU
		Release|Any CPU = Release|Any CPU
	EndGlobalSection
	GlobalSection(ProjectConfigurationPlatforms) = postSolution
		{915F4853-55F6-42A9-95F3-4263FD9EBB2C}.Debug|Any CPU.ActiveCfg = Debug|Any CPU
		{915F4853-55F6-42A9-95F3-4263FD9EBB2C}.Debug|Any CPU.Build.0 = Debug|Any CPU
		{915F4853-55F6-42A9-95F3-4263FD9EBB2C}.Release|Any CPU.ActiveCfg = Release|Any CPU
		{915F4853-55F6-42A9-95F3-4263FD9EBB2C}.Release|Any CPU.Build.0 = Release|Any CPU
	EndGlobalSection
	GlobalSection(SolutionProperties) = preSolution
		HideSolutionNode = FALSE
	EndGlobalSection
	GlobalSection(ExtensibilityGlobals) = postSolution
		SolutionGuid = {C7FF71C2-C4D5-4559-BC93-085BCE1790B3}
	EndGlobalSection
EndGlobal
