
Microsoft Visual Studio Solution File, Format Version 12.00
# Visual Studio Version 16
VisualStudioVersion = 16.0.30608.117
MinimumVisualStudioVersion = 10.0.40219.1
Project("{FAE04EC0-301F-11D3-BF4B-00C04F79EFBC}") = "LabTask_1", "LabTask_1.csproj", "{7A95344C-FCBF-4A17-A9FB-7A321C995CF5}"
EndProject
Global
	GlobalSection(SolutionConfigurationPlatforms) = preSolution
		Debug|Any CPU = Debug|Any CPU
		Release|Any CPU = Release|Any CPU
	EndGlobalSection
	GlobalSection(ProjectConfigurationPlatforms) = postSolution
		{7A95344C-FCBF-4A17-A9FB-7A321C995CF5}.Debug|Any CPU.ActiveCfg = Debug|Any CPU
		{7A95344C-FCBF-4A17-A9FB-7A321C995CF5}.Debug|Any CPU.Build.0 = Debug|Any CPU
		{7A95344C-FCBF-4A17-A9FB-7A321C995CF5}.Release|Any CPU.ActiveCfg = Release|Any CPU
		{7A95344C-FCBF-4A17-A9FB-7A321C995CF5}.Release|Any CPU.Build.0 = Release|Any CPU
	EndGlobalSection
	GlobalSection(SolutionProperties) = preSolution
		HideSolutionNode = FALSE
	EndGlobalSection
	GlobalSection(ExtensibilityGlobals) = postSolution
		SolutionGuid = {5FA4E764-B0F3-49E9-A7B6-00C5E2540267}
	EndGlobalSection
EndGlobal
